
Microsoft Visual Studio Solution File, Format Version 12.00
# Visual Studio Version 16
VisualStudioVersion = 16.0.30204.135
MinimumVisualStudioVersion = 10.0.40219.1
Project("{FAE04EC0-301F-11D3-BF4B-00C04F79EFBC}") = "EFDemoWeb", "EFDemoWeb\EFDemoWeb.csproj", "{3713DBE7-65CC-4C96-A217-3513D9E6DFBD}"
EndProject
Project("{FAE04EC0-301F-11D3-BF4B-00C04F79EFBC}") = "EFDataAccessLibrary", "EFDataAccessLibrary\EFDataAccessLibrary.csproj", "{D7308B87-DAFF-4D6D-B11A-385B03C9C6A9}"
EndProject
Global
	GlobalSection(SolutionConfigurationPlatforms) = preSolution
		Debug|Any CPU = Debug|Any CPU
		Release|Any CPU = Release|Any CPU
	EndGlobalSection
	GlobalSection(ProjectConfigurationPlatforms) = postSolution
		{3713DBE7-65CC-4C96-A217-3513D9E6DFBD}.Debug|Any CPU.ActiveCfg = Debug|Any CPU
		{3713DBE7-65CC-4C96-A217-3513D9E6DFBD}.Debug|Any CPU.Build.0 = Debug|Any CPU
		{3713DBE7-65CC-4C96-A217-3513D9E6DFBD}.Release|Any CPU.ActiveCfg = Release|Any CPU
		{3713DBE7-65CC-4C96-A217-3513D9E6DFBD}.Release|Any CPU.Build.0 = Release|Any CPU
		{D7308B87-DAFF-4D6D-B11A-385B03C9C6A9}.Debug|Any CPU.ActiveCfg = Debug|Any CPU
		{D7308B87-DAFF-4D6D-B11A-385B03C9C6A9}.Debug|Any CPU.Build.0 = Debug|Any CPU
		{D7308B87-DAFF-4D6D-B11A-385B03C9C6A9}.Release|Any CPU.ActiveCfg = Release|Any CPU
		{D7308B87-DAFF-4D6D-B11A-385B03C9C6A9}.Release|Any CPU.Build.0 = Release|Any CPU
	EndGlobalSection
	GlobalSection(SolutionProperties) = preSolution
		HideSolutionNode = FALSE
	EndGlobalSection
	GlobalSection(ExtensibilityGlobals) = postSolution
		SolutionGuid = {50E47CBC-A3E1-445F-A4C7-273C50DC8633}
	EndGlobalSection
EndGlobal
